
Microsoft Visual Studio Solution File, Format Version 12.00
# Visual Studio Version 17
VisualStudioVersion = 17.10.35122.118
MinimumVisualStudioVersion = 10.0.40219.1
Project("{9A19103F-16F7-4668-BE54-9A1E7A4F7556}") = "User.Management.API", "User.Management.API\User.Management.API.csproj", "{6446A149-EB64-4117-A15A-13D61BDB79E4}"
EndProject
Project("{9A19103F-16F7-4668-BE54-9A1E7A4F7556}") = "User.Management.Service", "User.Management.Service\User.Management.Service.csproj", "{4839E320-44F8-4079-BF6A-E3344B0B5210}"
EndProject
Project("{FAE04EC0-301F-11D3-BF4B-00C04F79EFBC}") = "User.Management.Data", "User.Management.Data\User.Management.Data.csproj", "{C218A694-5CCA-4492-BFD8-947324DBFB63}"
EndProject
Global
	GlobalSection(SolutionConfigurationPlatforms) = preSolution
		Debug|Any CPU = Debug|Any CPU
		Release|Any CPU = Release|Any CPU
	EndGlobalSection
	GlobalSection(ProjectConfigurationPlatforms) = postSolution
		{6446A149-EB64-4117-A15A-13D61BDB79E4}.Debug|Any CPU.ActiveCfg = Debug|Any CPU
		{6446A149-EB64-4117-A15A-13D61BDB79E4}.Debug|Any CPU.Build.0 = Debug|Any CPU
		{6446A149-EB64-4117-A15A-13D61BDB79E4}.Release|Any CPU.ActiveCfg = Release|Any CPU
		{6446A149-EB64-4117-A15A-13D61BDB79E4}.Release|Any CPU.Build.0 = Release|Any CPU
		{4839E320-44F8-4079-BF6A-E3344B0B5210}.Debug|Any CPU.ActiveCfg = Debug|Any CPU
		{4839E320-44F8-4079-BF6A-E3344B0B5210}.Debug|Any CPU.Build.0 = Debug|Any CPU
		{4839E320-44F8-4079-BF6A-E3344B0B5210}.Release|Any CPU.ActiveCfg = Release|Any CPU
		{4839E320-44F8-4079-BF6A-E3344B0B5210}.Release|Any CPU.Build.0 = Release|Any CPU
		{C218A694-5CCA-4492-BFD8-947324DBFB63}.Debug|Any CPU.ActiveCfg = Debug|Any CPU
		{C218A694-5CCA-4492-BFD8-947324DBFB63}.Debug|Any CPU.Build.0 = Debug|Any CPU
		{C218A694-5CCA-4492-BFD8-947324DBFB63}.Release|Any CPU.ActiveCfg = Release|Any CPU
		{C218A694-5CCA-4492-BFD8-947324DBFB63}.Release|Any CPU.Build.0 = Release|Any CPU
	EndGlobalSection
	GlobalSection(SolutionProperties) = preSolution
		HideSolutionNode = FALSE
	EndGlobalSection
	GlobalSection(ExtensibilityGlobals) = postSolution
		SolutionGuid = {A55F3BA2-2690-4789-84AE-C56F9FA91775}
	EndGlobalSection
EndGlobal
